# This file is automatically @generated by Cargo.
# It is not intended for manual editing.
version = 4

[[package]]
name = "cassiopeia"
version = "0.1.0"
dependencies = [
 "linearspace",
]

[[package]]
name = "linearspace"
version = "0.1.0"
source = "git+https://github.com/sauloluas/linearspace.git#125ffd17943a4c7e629b8e8755b1e8d9f85782ad"
